// !$*UTF8*$!
{
	archiveVersion = 1;
	classes = {
	};
	objectVersion = 46;
	objects = {

/* Begin PBXBuildFile section */
		14C743221F5F7360006A77B5 /* AppDelegate.swift in Sources */ = {isa = PBXBuildFile; fileRef = 14C743211F5F7360006A77B5 /* AppDelegate.swift */; };
		14C743241F5F7360006A77B5 /* ViewController.swift in Sources */ = {isa = PBXBuildFile; fileRef = 14C743231F5F7360006A77B5 /* ViewController.swift */; };
		14C743271F5F7360006A77B5 /* Main.storyboard in Resources */ = {isa = PBXBuildFile; fileRef = 14C743251F5F7360006A77B5 /* Main.storyboard */; };
		14C743291F5F7360006A77B5 /* Assets.xcassets in Resources */ = {isa = PBXBuildFile; fileRef = 14C743281F5F7360006A77B5 /* Assets.xcassets */; };
		14C7432C1F5F7360006A77B5 /* LaunchScreen.storyboard in Resources */ = {isa = PBXBuildFile; fileRef = 14C7432A1F5F7360006A77B5 /* LaunchScreen.storyboard */; };
		14C743371F5F7360006A77B5 /* Swift_CalculatorTests.swift in Sources */ = {isa = PBXBuildFile; fileRef = 14C743361F5F7360006A77B5 /* Swift_CalculatorTests.swift */; };
		14C743421F5F7360006A77B5 /* Swift_CalculatorUITests.swift in Sources */ = {isa = PBXBuildFile; fileRef = 14C743411F5F7360006A77B5 /* Swift_CalculatorUITests.swift */; };
/* End PBXBuildFile section */

/* Begin PBXContainerItemProxy section */
		14C743331F5F7360006A77B5 /* PBXContainerItemProxy */ = {
			isa = PBXContainerItemProxy;
			containerPortal = 14C743161F5F7360006A77B5 /* Project object */;
			proxyType = 1;
			remoteGlobalIDString = 14C7431D1F5F7360006A77B5;
			remoteInfo = "Swift Calculator";
		};
		14C7433E1F5F7360006A77B5 /* PBXContainerItemProxy */ = {
			isa = PBXContainerItemProxy;
			containerPortal = 14C743161F5F7360006A77B5 /* Project object */;
			proxyType = 1;
			remoteGlobalIDString = 14C7431D1F5F7360006A77B5;
			remoteInfo = "Swift Calculator";
		};
/* End PBXContainerItemProxy section */

/* Begin PBXFileReference section */
		14C7431E1F5F7360006A77B5 /* Swift Calculator.app */ = {isa = PBXFileReference; explicitFileType = wrapper.application; includeInIndex = 0; path = "Swift Calculator.app"; sourceTree = BUILT_PRODUCTS_DIR; };
		14C743211F5F7360006A77B5 /* AppDelegate.swift */ = {isa = PBXFileReference; lastKnownFileType = sourcecode.swift; path = AppDelegate.swift; sourceTree = "<group>"; };
		14C743231F5F7360006A77B5 /* ViewController.swift */ = {isa = PBXFileReference; lastKnownFileType = sourcecode.swift; path = ViewController.swift; sourceTree = "<group>"; };
		14C743261F5F7360006A77B5 /* Base */ = {isa = PBXFileReference; lastKnownFileType = file.storyboard; name = Base; path = Base.lproj/Main.storyboard; sourceTree = "<group>"; };
		14C743281F5F7360006A77B5 /* Assets.xcassets */ = {isa = PBXFileReference; lastKnownFileType = folder.assetcatalog; path = Assets.xcassets; sourceTree = "<group>"; };
		14C7432B1F5F7360006A77B5 /* Base */ = {isa = PBXFileReference; lastKnownFileType = file.storyboard; name = Base; path = Base.lproj/LaunchScreen.storyboard; sourceTree = "<group>"; };
		14C7432D1F5F7360006A77B5 /* Info.plist */ = {isa = PBXFileReference; lastKnownFileType = text.plist.xml; path = Info.plist; sourceTree = "<group>"; };
		14C743321F5F7360006A77B5 /* Swift CalculatorTests.xctest */ = {isa = PBXFileReference; explicitFileType = wrapper.cfbundle; includeInIndex = 0; path = "Swift CalculatorTests.xctest"; sourceTree = BUILT_PRODUCTS_DIR; };
		14C743361F5F7360006A77B5 /* Swift_CalculatorTests.swift */ = {isa = PBXFileReference; lastKnownFileType = sourcecode.swift; path = Swift_CalculatorTests.swift; sourceTree = "<group>"; };
		14C743381F5F7360006A77B5 /* Info.plist */ = {isa = PBXFileReference; lastKnownFileType = text.plist.xml; path = Info.plist; sourceTree = "<group>"; };
		14C7433D1F5F7360006A77B5 /* Swift CalculatorUITests.xctest */ = {isa = PBXFileReference; explicitFileType = wrapper.cfbundle; includeInIndex = 0; path = "Swift CalculatorUITests.xctest"; sourceTree = BUILT_PRODUCTS_DIR; };
		14C743411F5F7360006A77B5 /* Swift_CalculatorUITests.swift */ = {isa = PBXFileReference; lastKnownFileType = sourcecode.swift; path = Swift_CalculatorUITests.swift; sourceTree = "<group>"; };
		14C743431F5F7360006A77B5 /* Info.plist */ = {isa = PBXFileReference; lastKnownFileType = text.plist.xml; path = Info.plist; sourceTree = "<group>"; };
/* End PBXFileReference section */

/* Begin PBXFrameworksBuildPhase section */
		14C7431B1F5F7360006A77B5 /* Frameworks */ = {
			isa = PBXFrameworksBuildPhase;
			buildActionMask = 2147483647;
			files = (
			);
			runOnlyForDeploymentPostprocessing = 0;
		};
		14C7432F1F5F7360006A77B5 /* Frameworks */ = {
			isa = PBXFrameworksBuildPhase;
			buildActionMask = 2147483647;
			files = (
			);
			runOnlyForDeploymentPostprocessing = 0;
		};
		14C7433A1F5F7360006A77B5 /* Frameworks */ = {
			isa = PBXFrameworksBuildPhase;
			buildActionMask = 2147483647;
			files = (
			);
			runOnlyForDeploymentPostprocessing = 0;
		};
/* End PBXFrameworksBuildPhase section */

/* Begin PBXGroup section */
		14C743151F5F735F006A77B5 = {
			isa = PBXGroup;
			children = (
				14C743201F5F7360006A77B5 /* Swift Calculator */,
				14C743351F5F7360006A77B5 /* Swift CalculatorTests */,
				14C743401F5F7360006A77B5 /* Swift CalculatorUITests */,
				14C7431F1F5F7360006A77B5 /* Products */,
			);
			sourceTree = "<group>";
		};
		14C7431F1F5F7360006A77B5 /* Products */ = {
			isa = PBXGroup;
			children = (
				14C7431E1F5F7360006A77B5 /* Swift Calculator.app */,
				14C743321F5F7360006A77B5 /* Swift CalculatorTests.xctest */,
				14C7433D1F5F7360006A77B5 /* Swift CalculatorUITests.xctest */,
			);
			name = Products;
			sourceTree = "<group>";
		};
		14C743201F5F7360006A77B5 /* Swift Calculator */ = {
			isa = PBXGroup;
			children = (
				14C743211F5F7360006A77B5 /* AppDelegate.swift */,
				14C743231F5F7360006A77B5 /* ViewController.swift */,
				14C743251F5F7360006A77B5 /* Main.storyboard */,
				14C743281F5F7360006A77B5 /* Assets.xcassets */,
				14C7432A1F5F7360006A77B5 /* LaunchScreen.storyboard */,
				14C7432D1F5F7360006A77B5 /* Info.plist */,
			);
			path = "Swift Calculator";
			sourceTree = "<group>";
		};
		14C743351F5F7360006A77B5 /* Swift CalculatorTests */ = {
			isa = PBXGroup;
			children = (
				14C743361F5F7360006A77B5 /* Swift_CalculatorTests.swift */,
				14C743381F5F7360006A77B5 /* Info.plist */,
			);
			path = "Swift CalculatorTests";
			sourceTree = "<group>";
		};
		14C743401F5F7360006A77B5 /* Swift CalculatorUITests */ = {
			isa = PBXGroup;
			children = (
				14C743411F5F7360006A77B5 /* Swift_CalculatorUITests.swift */,
				14C743431F5F7360006A77B5 /* Info.plist */,
			);
			path = "Swift CalculatorUITests";
			sourceTree = "<group>";
		};
/* End PBXGroup section */

/* Begin PBXNativeTarget section */
		14C7431D1F5F7360006A77B5 /* Swift Calculator */ = {
			isa = PBXNativeTarget;
			buildConfigurationList = 14C743461F5F7360006A77B5 /* Build configuration list for PBXNativeTarget "Swift Calculator" */;
			buildPhases = (
				14C7431A1F5F7360006A77B5 /* Sources */,
				14C7431B1F5F7360006A77B5 /* Frameworks */,
				14C7431C1F5F7360006A77B5 /* Resources */,
			);
			buildRules = (
			);
			dependencies = (
			);
			name = "Swift Calculator";
			productName = "Swift Calculator";
			productReference = 14C7431E1F5F7360006A77B5 /* Swift Calculator.app */;
			productType = "com.apple.product-type.application";
		};
		14C743311F5F7360006A77B5 /* Swift CalculatorTests */ = {
			isa = PBXNativeTarget;
			buildConfigurationList = 14C743491F5F7360006A77B5 /* Build configuration list for PBXNativeTarget "Swift CalculatorTests" */;
			buildPhases = (
				14C7432E1F5F7360006A77B5 /* Sources */,
				14C7432F1F5F7360006A77B5 /* Frameworks */,
				14C743301F5F7360006A77B5 /* Resources */,
			);
			buildRules = (
			);
			dependencies = (
				14C743341F5F7360006A77B5 /* PBXTargetDependency */,
			);
			name = "Swift CalculatorTests";
			productName = "Swift CalculatorTests";
			productReference = 14C743321F5F7360006A77B5 /* Swift CalculatorTests.xctest */;
			productType = "com.apple.product-type.bundle.unit-test";
		};
		14C7433C1F5F7360006A77B5 /* Swift CalculatorUITests */ = {
			isa = PBXNativeTarget;
			buildConfigurationList = 14C7434C1F5F7360006A77B5 /* Build configuration list for PBXNativeTarget "Swift CalculatorUITests" */;
			buildPhases = (
				14C743391F5F7360006A77B5 /* Sources */,
				14C7433A1F5F7360006A77B5 /* Frameworks */,
				14C7433B1F5F7360006A77B5 /* Resources */,
			);
			buildRules = (
			);
			dependencies = (
				14C7433F1F5F7360006A77B5 /* PBXTargetDependency */,
			);
			name = "Swift CalculatorUITests";
			productName = "Swift CalculatorUITests";
			productReference = 14C7433D1F5F7360006A77B5 /* Swift CalculatorUITests.xctest */;
			productType = "com.apple.product-type.bundle.ui-testing";
		};
/* End PBXNativeTarget section */

/* Begin PBXProject section */
		14C743161F5F7360006A77B5 /* Project object */ = {
			isa = PBXProject;
			attributes = {
				LastSwiftUpdateCheck = 0830;
				LastUpgradeCheck = 0830;
				ORGANIZATIONNAME = lacasadelmar;
				TargetAttributes = {
					14C7431D1F5F7360006A77B5 = {
						CreatedOnToolsVersion = 8.3.3;
						ProvisioningStyle = Automatic;
					};
					14C743311F5F7360006A77B5 = {
						CreatedOnToolsVersion = 8.3.3;
						ProvisioningStyle = Automatic;
						TestTargetID = 14C7431D1F5F7360006A77B5;
					};
					14C7433C1F5F7360006A77B5 = {
						CreatedOnToolsVersion = 8.3.3;
						ProvisioningStyle = Automatic;
						TestTargetID = 14C7431D1F5F7360006A77B5;
					};
				};
			};
			buildConfigurationList = 14C743191F5F7360006A77B5 /* Build configuration list for PBXProject "Swift Calculator" */;
			compatibilityVersion = "Xcode 3.2";
			developmentRegion = English;
			hasScannedForEncodings = 0;
			knownRegions = (
				en,
				Base,
			);
			mainGroup = 14C743151F5F735F006A77B5;
			productRefGroup = 14C7431F1F5F7360006A77B5 /* Products */;
			projectDirPath = "";
			projectRoot = "";
			targets = (
				14C7431D1F5F7360006A77B5 /* Swift Calculator */,
				14C743311F5F7360006A77B5 /* Swift CalculatorTests */,
				14C7433C1F5F7360006A77B5 /* Swift CalculatorUITests */,
			);
		};
/* End PBXProject section */

/* Begin PBXResourcesBuildPhase section */
		14C7431C1F5F7360006A77B5 /* Resources */ = {
			isa = PBXResourcesBuildPhase;
			buildActionMask = 2147483647;
			files = (
				14C7432C1F5F7360006A77B5 /* LaunchScreen.storyboard in Resources */,
				14C743291F5F7360006A77B5 /* Assets.xcassets in Resources */,
				14C743271F5F7360006A77B5 /* Main.storyboard in Resources */,
			);
			runOnlyForDeploymentPostprocessing = 0;
		};
		14C743301F5F7360006A77B5 /* Resources */ = {
			isa = PBXResourcesBuildPhase;
			buildActionMask = 2147483647;
			files = (
			);
			runOnlyForDeploymentPostprocessing = 0;
		};
		14C7433B1F5F7360006A77B5 /* Resources */ = {
			isa = PBXResourcesBuildPhase;
			buildActionMask = 2147483647;
			files = (
			);
			runOnlyForDeploymentPostprocessing = 0;
		};
/* End PBXResourcesBuildPhase section */

/* Begin PBXSourcesBuildPhase section */
		14C7431A1F5F7360006A77B5 /* Sources */ = {
			isa = PBXSourcesBuildPhase;
			buildActionMask = 2147483647;
			files = (
				14C743241F5F7360006A77B5 /* ViewController.swift in Sources */,
				14C743221F5F7360006A77B5 /* AppDelegate.swift in Sources */,
			);
			runOnlyForDeploymentPostprocessing = 0;
		};
		14C7432E1F5F7360006A77B5 /* Sources */ = {
			isa = PBXSourcesBuildPhase;
			buildActionMask = 2147483647;
			files = (
				14C743371F5F7360006A77B5 /* Swift_CalculatorTests.swift in Sources */,
			);
			runOnlyForDeploymentPostprocessing = 0;
		};
		14C743391F5F7360006A77B5 /* Sources */ = {
			isa = PBXSourcesBuildPhase;
			buildActionMask = 2147483647;
			files = (
				14C743421F5F7360006A77B5 /* Swift_CalculatorUITests.swift in Sources */,
			);
			runOnlyForDeploymentPostprocessing = 0;
		};
/* End PBXSourcesBuildPhase section */

/* Begin PBXTargetDependency section */
		14C743341F5F7360006A77B5 /* PBXTargetDependency */ = {
			isa = PBXTargetDependency;
			target = 14C7431D1F5F7360006A77B5 /* Swift Calculator */;
			targetProxy = 14C743331F5F7360006A77B5 /* PBXContainerItemProxy */;
		};
		14C7433F1F5F7360006A77B5 /* PBXTargetDependency */ = {
			isa = PBXTargetDependency;
			target = 14C7431D1F5F7360006A77B5 /* Swift Calculator */;
			targetProxy = 14C7433E1F5F7360006A77B5 /* PBXContainerItemProxy */;
		};
/* End PBXTargetDependency section */

/* Begin PBXVariantGroup section */
		14C743251F5F7360006A77B5 /* Main.storyboard */ = {
			isa = PBXVariantGroup;
			children = (
				14C743261F5F7360006A77B5 /* Base */,
			);
			name = Main.storyboard;
			sourceTree = "<group>";
		};
		14C7432A1F5F7360006A77B5 /* LaunchScreen.storyboard */ = {
			isa = PBXVariantGroup;
			children = (
				14C7432B1F5F7360006A77B5 /* Base */,
			);
			name = LaunchScreen.storyboard;
			sourceTree = "<group>";
		};
/* End PBXVariantGroup section */

/* Begin XCBuildConfiguration section */
		14C743441F5F7360006A77B5 /* Debug */ = {
			isa = XCBuildConfiguration;
			buildSettings = {
				ALWAYS_SEARCH_USER_PATHS = NO;
				CLANG_ANALYZER_NONNULL = YES;
				CLANG_ANALYZER_NUMBER_OBJECT_CONVERSION = YES_AGGRESSIVE;
				CLANG_CXX_LANGUAGE_STANDARD = "gnu++0x";
				CLANG_CXX_LIBRARY = "libc++";
				CLANG_ENABLE_MODULES = YES;
				CLANG_ENABLE_OBJC_ARC = YES;
				CLANG_WARN_BOOL_CONVERSION = YES;
				CLANG_WARN_CONSTANT_CONVERSION = YES;
				CLANG_WARN_DIRECT_OBJC_ISA_USAGE = YES_ERROR;
				CLANG_WARN_DOCUMENTATION_COMMENTS = YES;
				CLANG_WARN_EMPTY_BODY = YES;
				CLANG_WARN_ENUM_CONVERSION = YES;
				CLANG_WARN_INFINITE_RECURSION = YES;
				CLANG_WARN_INT_CONVERSION = YES;
				CLANG_WARN_OBJC_ROOT_CLASS = YES_ERROR;
				CLANG_WARN_SUSPICIOUS_MOVE = YES;
				CLANG_WARN_UNREACHABLE_CODE = YES;
				CLANG_WARN__DUPLICATE_METHOD_MATCH = YES;
				"CODE_SIGN_IDENTITY[sdk=iphoneos*]" = "iPhone Developer";
				COPY_PHASE_STRIP = NO;
				DEBUG_INFORMATION_FORMAT = dwarf;
				ENABLE_STRICT_OBJC_MSGSEND = YES;
				ENABLE_TESTABILITY = YES;
				GCC_C_LANGUAGE_STANDARD = gnu99;
				GCC_DYNAMIC_NO_PIC = NO;
				GCC_NO_COMMON_BLOCKS = YES;
				GCC_OPTIMIZATION_LEVEL = 0;
				GCC_PREPROCESSOR_DEFINITIONS = (
					"DEBUG=1",
					"$(inherited)",
				);
				GCC_WARN_64_TO_32_BIT_CONVERSION = YES;
				GCC_WARN_ABOUT_RETURN_TYPE = YES_ERROR;
				GCC_WARN_UNDECLARED_SELECTOR = YES;
				GCC_WARN_UNINITIALIZED_AUTOS = YES_AGGRESSIVE;
				GCC_WARN_UNUSED_FUNCTION = YES;
				GCC_WARN_UNUSED_VARIABLE = YES;
				IPHONEOS_DEPLOYMENT_TARGET = 10.3;
				MTL_ENABLE_DEBUG_INFO = YES;
				ONLY_ACTIVE_ARCH = YES;
				SDKROOT = iphoneos;
				SWIFT_ACTIVE_COMPILATION_CONDITIONS = DEBUG;
				SWIFT_OPTIMIZATION_LEVEL = "-Onone";
			};
			name = Debug;
		};
		14C743451F5F7360006A77B5 /* Release */ = {
			isa = XCBuildConfiguration;
			buildSettings = {
				ALWAYS_SEARCH_USER_PATHS = NO;
				CLANG_ANALYZER_NONNULL = YES;
				CLANG_ANALYZER_NUMBER_OBJECT_CONVERSION = YES_AGGRESSIVE;
				CLANG_CXX_LANGUAGE_STANDARD = "gnu++0x";
				CLANG_CXX_LIBRARY = "libc++";
				CLANG_ENABLE_MODULES = YES;
				CLANG_ENABLE_OBJC_ARC = YES;
				CLANG_WARN_BOOL_CONVERSION = YES;
				CLANG_WARN_CONSTANT_CONVERSION = YES;
				CLANG_WARN_DIRECT_OBJC_ISA_USAGE = YES_ERROR;
				CLANG_WARN_DOCUMENTATION_COMMENTS = YES;
				CLANG_WARN_EMPTY_BODY = YES;
				CLANG_WARN_ENUM_CONVERSION = YES;
				CLANG_WARN_INFINITE_RECURSION = YES;
				CLANG_WARN_INT_CONVERSION = YES;
				CLANG_WARN_OBJC_ROOT_CLASS = YES_ERROR;
				CLANG_WARN_SUSPICIOUS_MOVE = YES;
				CLANG_WARN_UNREACHABLE_CODE = YES;
				CLANG_WARN__DUPLICATE_METHOD_MATCH = YES;
				"CODE_SIGN_IDENTITY[sdk=iphoneos*]" = "iPhone Developer";
				COPY_PHASE_STRIP = NO;
				DEBUG_INFORMATION_FORMAT = "dwarf-with-dsym";
				ENABLE_NS_ASSERTIONS = NO;
				ENABLE_STRICT_OBJC_MSGSEND = YES;
				GCC_C_LANGUAGE_STANDARD = gnu99;
				GCC_NO_COMMON_BLOCKS = YES;
				GCC_WARN_64_TO_32_BIT_CONVERSION = YES;
				GCC_WARN_ABOUT_RETURN_TYPE = YES_ERROR;
				GCC_WARN_UNDECLARED_SELECTOR = YES;
				GCC_WARN_UNINITIALIZED_AUTOS = YES_AGGRESSIVE;
				GCC_WARN_UNUSED_FUNCTION = YES;
				GCC_WARN_UNUSED_VARIABLE = YES;
				IPHONEOS_DEPLOYMENT_TARGET = 10.3;
				MTL_ENABLE_DEBUG_INFO = NO;
				SDKROOT = iphoneos;
				SWIFT_OPTIMIZATION_LEVEL = "-Owholemodule";
				VALIDATE_PRODUCT = YES;
			};
			name = Release;
		};
		14C743471F5F7360006A77B5 /* Debug */ = {
			isa = XCBuildConfiguration;
			buildSettings = {
				ASSETCATALOG_COMPILER_APPICON_NAME = AppIcon;
				INFOPLIST_FILE = "Swift Calculator/Info.plist";
				LD_RUNPATH_SEARCH_PATHS = "$(inherited) @executable_path/Frameworks";
				PRODUCT_BUNDLE_IDENTIFIER = "com.lacasadelmar.Swift-Calculator";
				PRODUCT_NAME = "$(TARGET_NAME)";
				SWIFT_VERSION = 3.0;
			};
			name = Debug;
		};
		14C743481F5F7360006A77B5 /* Release */ = {
			isa = XCBuildConfiguration;
			buildSettings = {
				ASSETCATALOG_COMPILER_APPICON_NAME = AppIcon;
				INFOPLIST_FILE = "Swift Calculator/Info.plist";
				LD_RUNPATH_SEARCH_PATHS = "$(inherited) @executable_path/Frameworks";
				PRODUCT_BUNDLE_IDENTIFIER = "com.lacasadelmar.Swift-Calculator";
				PRODUCT_NAME = "$(TARGET_NAME)";
				SWIFT_VERSION = 3.0;
			};
			name = Release;
		};
		14C7434A1F5F7360006A77B5 /* Debug */ = {
			isa = XCBuildConfiguration;
			buildSettings = {
				ALWAYS_EMBED_SWIFT_STANDARD_LIBRARIES = YES;
				BUNDLE_LOADER = "$(TEST_HOST)";
				INFOPLIST_FILE = "Swift CalculatorTests/Info.plist";
				LD_RUNPATH_SEARCH_PATHS = "$(inherited) @executable_path/Frameworks @loader_path/Frameworks";
				PRODUCT_BUNDLE_IDENTIFIER = "com.lacasadelmar.Swift-CalculatorTests";
				PRODUCT_NAME = "$(TARGET_NAME)";
				SWIFT_VERSION = 3.0;
				TEST_HOST = "$(BUILT_PRODUCTS_DIR)/Swift Calculator.app/Swift Calculator";
			};
			name = Debug;
		};
		14C7434B1F5F7360006A77B5 /* Release */ = {
			isa = XCBuildConfiguration;
			buildSettings = {
				ALWAYS_EMBED_SWIFT_STANDARD_LIBRARIES = YES;
				BUNDLE_LOADER = "$(TEST_HOST)";
				INFOPLIST_FILE = "Swift CalculatorTests/Info.plist";
				LD_RUNPATH_SEARCH_PATHS = "$(inherited) @executable_path/Frameworks @loader_path/Frameworks";
				PRODUCT_BUNDLE_IDENTIFIER = "com.lacasadelmar.Swift-CalculatorTests";
				PRODUCT_NAME = "$(TARGET_NAME)";
				SWIFT_VERSION = 3.0;
				TEST_HOST = "$(BUILT_PRODUCTS_DIR)/Swift Calculator.app/Swift Calculator";
			};
			name = Release;
		};
		14C7434D1F5F7360006A77B5 /* Debug */ = {
			isa = XCBuildConfiguration;
			buildSettings = {
				ALWAYS_EMBED_SWIFT_STANDARD_LIBRARIES = YES;
				INFOPLIST_FILE = "Swift CalculatorUITests/Info.plist";
				LD_RUNPATH_SEARCH_PATHS = "$(inherited) @executable_path/Frameworks @loader_path/Frameworks";
				PRODUCT_BUNDLE_IDENTIFIER = "com.lacasadelmar.Swift-CalculatorUITests";
				PRODUCT_NAME = "$(TARGET_NAME)";
				SWIFT_VERSION = 3.0;
				TEST_TARGET_NAME = "Swift Calculator";
			};
			name = Debug;
		};
		14C7434E1F5F7360006A77B5 /* Release */ = {
			isa = XCBuildConfiguration;
			buildSettings = {
				ALWAYS_EMBED_SWIFT_STANDARD_LIBRARIES = YES;
				INFOPLIST_FILE = "Swift CalculatorUITests/Info.plist";
				LD_RUNPATH_SEARCH_PATHS = "$(inherited) @executable_path/Frameworks @loader_path/Frameworks";
				PRODUCT_BUNDLE_IDENTIFIER = "com.lacasadelmar.Swift-CalculatorUITests";
				PRODUCT_NAME = "$(TARGET_NAME)";
				SWIFT_VERSION = 3.0;
				TEST_TARGET_NAME = "Swift Calculator";
			};
			name = Release;
		};
/* End XCBuildConfiguration section */

/* Begin XCConfigurationList section */
		14C743191F5F7360006A77B5 /* Build configuration list for PBXProject "Swift Calculator" */ = {
			isa = XCConfigurationList;
			buildConfigurations = (
				14C743441F5F7360006A77B5 /* Debug */,
				14C743451F5F7360006A77B5 /* Release */,
			);
			defaultConfigurationIsVisible = 0;
			defaultConfigurationName = Release;
		};
		14C743461F5F7360006A77B5 /* Build configuration list for PBXNativeTarget "Swift Calculator" */ = {
			isa = XCConfigurationList;
			buildConfigurations = (
				14C743471F5F7360006A77B5 /* Debug */,
				14C743481F5F7360006A77B5 /* Release */,
			);
			defaultConfigurationIsVisible = 0;
		};
		14C743491F5F7360006A77B5 /* Build configuration list for PBXNativeTarget "Swift CalculatorTests" */ = {
			isa = XCConfigurationList;
			buildConfigurations = (
				14C7434A1F5F7360006A77B5 /* Debug */,
				14C7434B1F5F7360006A77B5 /* Release */,
			);
			defaultConfigurationIsVisible = 0;
		};
		14C7434C1F5F7360006A77B5 /* Build configuration list for PBXNativeTarget "Swift CalculatorUITests" */ = {
			isa = XCConfigurationList;
			buildConfigurations = (
				14C7434D1F5F7360006A77B5 /* Debug */,
				14C7434E1F5F7360006A77B5 /* Release */,
			);
			defaultConfigurationIsVisible = 0;
		};
/* End XCConfigurationList section */
	};
	rootObject = 14C743161F5F7360006A77B5 /* Project object */;
}
